
Microsoft Visual Studio Solution File, Format Version 12.00
# Visual Studio 15
VisualStudioVersion = 15.0.28307.1209
MinimumVisualStudioVersion = 10.0.40219.1
Project("{9A19103F-16F7-4668-BE54-9A1E7A4F7556}") = "WebAppFacultyManagement", "WebAppFacultyManagement\WebAppFacultyManagement.csproj", "{D705C33A-6C60-4137-AE97-A91081A75162}"
EndProject
Project("{FAE04EC0-301F-11D3-BF4B-00C04F79EFBC}") = "WebAppFacultyManagement.Models", "WebAppFacultyManagement.Models\WebAppFacultyManagement.Models.csproj", "{39451707-FC06-4F9E-996E-DE022F00C1B8}"
EndProject
Project("{FAE04EC0-301F-11D3-BF4B-00C04F79EFBC}") = "WebAppFacultyManagement.Services", "WebAppFacultyManagement.Services\WebAppFacultyManagement.Services.csproj", "{A1CDE2EA-B576-49B8-9F6A-46625010014A}"
EndProject
Global
	GlobalSection(SolutionConfigurationPlatforms) = preSolution
		Debug|Any CPU = Debug|Any CPU
		Release|Any CPU = Release|Any CPU
	EndGlobalSection
	GlobalSection(ProjectConfigurationPlatforms) = postSolution
		{D705C33A-6C60-4137-AE97-A91081A75162}.Debug|Any CPU.ActiveCfg = Debug|Any CPU
		{D705C33A-6C60-4137-AE97-A91081A75162}.Debug|Any CPU.Build.0 = Debug|Any CPU
		{D705C33A-6C60-4137-AE97-A91081A75162}.Release|Any CPU.ActiveCfg = Release|Any CPU
		{D705C33A-6C60-4137-AE97-A91081A75162}.Release|Any CPU.Build.0 = Release|Any CPU
		{39451707-FC06-4F9E-996E-DE022F00C1B8}.Debug|Any CPU.ActiveCfg = Debug|Any CPU
		{39451707-FC06-4F9E-996E-DE022F00C1B8}.Debug|Any CPU.Build.0 = Debug|Any CPU
		{39451707-FC06-4F9E-996E-DE022F00C1B8}.Release|Any CPU.ActiveCfg = Release|Any CPU
		{39451707-FC06-4F9E-996E-DE022F00C1B8}.Release|Any CPU.Build.0 = Release|Any CPU
		{A1CDE2EA-B576-49B8-9F6A-46625010014A}.Debug|Any CPU.ActiveCfg = Debug|Any CPU
		{A1CDE2EA-B576-49B8-9F6A-46625010014A}.Debug|Any CPU.Build.0 = Debug|Any CPU
		{A1CDE2EA-B576-49B8-9F6A-46625010014A}.Release|Any CPU.ActiveCfg = Release|Any CPU
		{A1CDE2EA-B576-49B8-9F6A-46625010014A}.Release|Any CPU.Build.0 = Release|Any CPU
	EndGlobalSection
	GlobalSection(SolutionProperties) = preSolution
		HideSolutionNode = FALSE
	EndGlobalSection
	GlobalSection(ExtensibilityGlobals) = postSolution
		SolutionGuid = {CC35D06D-0479-4034-BCEC-F8853262CBDF}
	EndGlobalSection
EndGlobal
